
Microsoft Visual Studio Solution File, Format Version 12.00
# Visual Studio 15
VisualStudioVersion = 15.0.28010.2036
MinimumVisualStudioVersion = 10.0.40219.1
Project("{9A19103F-16F7-4668-BE54-9A1E7A4F7556}") = "EntidadesAbstractas", "EntidadesAbstractas\EntidadesAbstractas.csproj", "{63B2FECC-162D-45CA-ABB5-FA9D44C93A4A}"
EndProject
Project("{FAE04EC0-301F-11D3-BF4B-00C04F79EFBC}") = "ClasesInstanciables", "ClasesInstanciables\ClasesInstanciables.csproj", "{5E37BD6F-2C8C-436A-860F-788D617EAEC3}"
EndProject
Project("{FAE04EC0-301F-11D3-BF4B-00C04F79EFBC}") = "Excepciones", "Excepciones\Excepciones.csproj", "{C9F36C91-40C0-465E-A250-ECAA660F9CF6}"
EndProject
Global
	GlobalSection(SolutionConfigurationPlatforms) = preSolution
		Debug|Any CPU = Debug|Any CPU
		Release|Any CPU = Release|Any CPU
	EndGlobalSection
	GlobalSection(ProjectConfigurationPlatforms) = postSolution
		{63B2FECC-162D-45CA-ABB5-FA9D44C93A4A}.Debug|Any CPU.ActiveCfg = Debug|Any CPU
		{63B2FECC-162D-45CA-ABB5-FA9D44C93A4A}.Debug|Any CPU.Build.0 = Debug|Any CPU
		{63B2FECC-162D-45CA-ABB5-FA9D44C93A4A}.Release|Any CPU.ActiveCfg = Release|Any CPU
		{63B2FECC-162D-45CA-ABB5-FA9D44C93A4A}.Release|Any CPU.Build.0 = Release|Any CPU
		{5E37BD6F-2C8C-436A-860F-788D617EAEC3}.Debug|Any CPU.ActiveCfg = Debug|Any CPU
		{5E37BD6F-2C8C-436A-860F-788D617EAEC3}.Debug|Any CPU.Build.0 = Debug|Any CPU
		{5E37BD6F-2C8C-436A-860F-788D617EAEC3}.Release|Any CPU.ActiveCfg = Release|Any CPU
		{5E37BD6F-2C8C-436A-860F-788D617EAEC3}.Release|Any CPU.Build.0 = Release|Any CPU
		{C9F36C91-40C0-465E-A250-ECAA660F9CF6}.Debug|Any CPU.ActiveCfg = Debug|Any CPU
		{C9F36C91-40C0-465E-A250-ECAA660F9CF6}.Debug|Any CPU.Build.0 = Debug|Any CPU
		{C9F36C91-40C0-465E-A250-ECAA660F9CF6}.Release|Any CPU.ActiveCfg = Release|Any CPU
		{C9F36C91-40C0-465E-A250-ECAA660F9CF6}.Release|Any CPU.Build.0 = Release|Any CPU
	EndGlobalSection
	GlobalSection(SolutionProperties) = preSolution
		HideSolutionNode = FALSE
	EndGlobalSection
	GlobalSection(ExtensibilityGlobals) = postSolution
		SolutionGuid = {747DB1B0-1CF5-4C2C-B5C5-EDECBDE6F3D1}
	EndGlobalSection
EndGlobal
